// !$*UTF8*$!
{
	archiveVersion = 1;
	classes = {
	};
	objectVersion = 77;
	objects = {

/* Begin PBXBuildFile section */
		1C81D6F669B7BB6D2FFCCEB3 /* Clarity in Frameworks */ = {isa = PBXBuildFile; productRef = 3B850F4D4A0FC5EBEAA700B4 /* Clarity */; };
		210E097D3009F5A600F4FEF6 /* FirebaseCrashlytics in Frameworks */ = {isa = PBXBuildFile; productRef = 108F0D6F9A31550A5E7E3D81 /* FirebaseCrashlytics */; };
		216E2CF92FBEDE88001E32D1 /* GoogleSignIn in Frameworks */ = {isa = PBXBuildFile; productRef = 216E2CF82FBEDE88001E32D1 /* GoogleSignIn */; };
		216E2CFB2FBEDE88001E32D1 /* GoogleSignInSwift in Frameworks */ = {isa = PBXBuildFile; productRef = 216E2CFA2FBEDE88001E32D1 /* GoogleSignInSwift */; };
		21C9DF262FD80097000F43A1 /* FacebookAEM in Frameworks */ = {isa = PBXBuildFile; productRef = 21C9DF252FD80097000F43A1 /* FacebookAEM */; };
		21C9DF282FD80097000F43A1 /* FacebookBasics in Frameworks */ = {isa = PBXBuildFile; productRef = 21C9DF272FD80097000F43A1 /* FacebookBasics */; };
		21C9DF2A2FD80097000F43A1 /* FacebookCore in Frameworks */ = {isa = PBXBuildFile; productRef = 21C9DF292FD80097000F43A1 /* FacebookCore */; };
		24323778ABA0C668C758086B /* FirebaseMessaging in Frameworks */ = {isa = PBXBuildFile; productRef = AC813CE66F97994D9BE8A812 /* FirebaseMessaging */; };
		2ECACC695940F13A4EDFB2D7 /* GoogleService-Info.plist in Resources */ = {isa = PBXBuildFile; fileRef = F7F4335A9FA704A52EB0C58D /* GoogleService-Info.plist */; };
		379D4C6DBBA934A8EF44CDDE /* FirebaseCore in Frameworks */ = {isa = PBXBuildFile; productRef = 16D66C9411832E1B7D572C76 /* FirebaseCore */; };
		445C052442747365B7CB2124 /* AppsFlyerLib in Frameworks */ = {isa = PBXBuildFile; productRef = CD67EC4A9FF4F5FF8A2D8772 /* AppsFlyerLib */; };
		A825AC5F0531A8569219D47A /* FirebaseAnalytics in Frameworks */ = {isa = PBXBuildFile; productRef = 1359B5E3E79A6103CB63C864 /* FirebaseAnalytics */; };
		B7C4F6137AC8345E71E92063 /* Singular in Frameworks */ = {isa = PBXBuildFile; productRef = FFA86D5547034AF50240D997 /* Singular */; };
/* End PBXBuildFile section */

/* Begin PBXFileReference section */
		2A145260C2906617681AD30B /* Pyllar.app */ = {isa = PBXFileReference; explicitFileType = wrapper.application; includeInIndex = 0; path = Pyllar.app; sourceTree = BUILT_PRODUCTS_DIR; };
		F7F4335A9FA704A52EB0C58D /* GoogleService-Info.plist */ = {isa = PBXFileReference; explicitFileType = text.plist; name = "GoogleService-Info.plist"; path = "iosApp/GoogleService-Info.plist"; sourceTree = "<group>"; };
/* End PBXFileReference section */

/* Begin PBXFileSystemSynchronizedBuildFileExceptionSet section */
		1339E0DFFBC7018BAF01113C /* Exceptions for "iosApp" folder in "iosApp" target */ = {
			isa = PBXFileSystemSynchronizedBuildFileExceptionSet;
			membershipExceptions = (
				Info.plist,
			);
			target = 68B28AE09B8928123A00F05E /* iosApp */;
		};
/* End PBXFileSystemSynchronizedBuildFileExceptionSet section */

/* Begin PBXFileSystemSynchronizedRootGroup section */
		75E6EDE214F73C9AE4386E54 /* Configuration */ = {
			isa = PBXFileSystemSynchronizedRootGroup;
			path = Configuration;
			sourceTree = "<group>";
		};
		F1A079ECA5B0BF77151BB964 /* iosApp */ = {
			isa = PBXFileSystemSynchronizedRootGroup;
			exceptions = (
				1339E0DFFBC7018BAF01113C /* Exceptions for "iosApp" folder in "iosApp" target */,
			);
			path = iosApp;
			sourceTree = "<group>";
		};
/* End PBXFileSystemSynchronizedRootGroup section */

/* Begin PBXFrameworksBuildPhase section */
		45ECE0413A2A90EC7529E344 /* Frameworks */ = {
			isa = PBXFrameworksBuildPhase;
			buildActionMask = 2147483647;
			files = (
				210E097D3009F5A600F4FEF6 /* FirebaseCrashlytics in Frameworks */,
				21C9DF282FD80097000F43A1 /* FacebookBasics in Frameworks */,
				21C9DF262FD80097000F43A1 /* FacebookAEM in Frameworks */,
				216E2CF92FBEDE88001E32D1 /* GoogleSignIn in Frameworks */,
				216E2CFB2FBEDE88001E32D1 /* GoogleSignInSwift in Frameworks */,
				1C81D6F669B7BB6D2FFCCEB3 /* Clarity in Frameworks */,
				445C052442747365B7CB2124 /* AppsFlyerLib in Frameworks */,
				B7C4F6137AC8345E71E92063 /* Singular in Frameworks */,
				21C9DF2A2FD80097000F43A1 /* FacebookCore in Frameworks */,
				379D4C6DBBA934A8EF44CDDE /* FirebaseCore in Frameworks */,
				A825AC5F0531A8569219D47A /* FirebaseAnalytics in Frameworks */,
				24323778ABA0C668C758086B /* FirebaseMessaging in Frameworks */,
				24323778ABA0C668C758086B /* FirebaseMessaging in Frameworks */,
			);
			runOnlyForDeploymentPostprocessing = 0;
		};
/* End PBXFrameworksBuildPhase section */

/* Begin PBXGroup section */
		13A11D9F7DA03C59D8E1222A /* Products */ = {
			isa = PBXGroup;
			children = (
				2A145260C2906617681AD30B /* Pyllar.app */,
			);
			name = Products;
			sourceTree = "<group>";
		};
		D7E21B04FB33EC41A87DFAFC = {
			isa = PBXGroup;
			children = (
				75E6EDE214F73C9AE4386E54 /* Configuration */,
				F1A079ECA5B0BF77151BB964 /* iosApp */,
				13A11D9F7DA03C59D8E1222A /* Products */,
				F7F4335A9FA704A52EB0C58D /* GoogleService-Info.plist */,
			);
			sourceTree = "<group>";
		};
/* End PBXGroup section */

/* Begin PBXNativeTarget section */
		68B28AE09B8928123A00F05E /* iosApp */ = {
			isa = PBXNativeTarget;
			buildConfigurationList = 4CC82ED4373E432EE8094BE4 /* Build configuration list for PBXNativeTarget "iosApp" */;
			buildPhases = (
				95583EFB92AFC802DD4CE49E /* Compile Kotlin Framework */,
				0BAB89A359BD1C72FFB3D3C8 /* Sources */,
				45ECE0413A2A90EC7529E344 /* Frameworks */,
				7591EEC42FD2C98A4CBA2D16 /* Resources */,
				4837AD78EDCCC366361E22F5 /* ShellScript */,
			);
			buildRules = (
			);
			dependencies = (
			);
			fileSystemSynchronizedGroups = (
				F1A079ECA5B0BF77151BB964 /* iosApp */,
			);
			name = iosApp;
			packageProductDependencies = (
				216E2CF82FBEDE88001E32D1 /* GoogleSignIn */,
				216E2CFA2FBEDE88001E32D1 /* GoogleSignInSwift */,
				3B850F4D4A0FC5EBEAA700B4 /* Clarity */,
				CD67EC4A9FF4F5FF8A2D8772 /* AppsFlyerLib */,
				FFA86D5547034AF50240D997 /* Singular */,
				21C9DF252FD80097000F43A1 /* FacebookAEM */,
				21C9DF272FD80097000F43A1 /* FacebookBasics */,
				21C9DF292FD80097000F43A1 /* FacebookCore */,
				16D66C9411832E1B7D572C76 /* FirebaseCore */,
				1359B5E3E79A6103CB63C864 /* FirebaseAnalytics */,
				108F0D6F9A31550A5E7E3D81 /* FirebaseCrashlytics */,
				AC813CE66F97994D9BE8A812 /* FirebaseMessaging */,
			);
			productName = iosApp;
			productReference = 2A145260C2906617681AD30B /* Pyllar.app */;
			productType = "com.apple.product-type.application";
		};
/* End PBXNativeTarget section */

/* Begin PBXProject section */
		3F0D863E75D98678BA0D0240 /* Project object */ = {
			isa = PBXProject;
			attributes = {
				BuildIndependentTargetsInParallel = 1;
				LastSwiftUpdateCheck = 1620;
				LastUpgradeCheck = 1620;
				TargetAttributes = {
					68B28AE09B8928123A00F05E = {
						CreatedOnToolsVersion = 16.2;
					};
				};
			};
			buildConfigurationList = E2416F46C37EB00096F0C142 /* Build configuration list for PBXProject "iosApp" */;
			developmentRegion = en;
			hasScannedForEncodings = 0;
			knownRegions = (
				en,
				Base,
			);
			mainGroup = D7E21B04FB33EC41A87DFAFC;
			minimizedProjectReferenceProxies = 1;
			packageReferences = (
				216E2CF72FBEDE88001E32D1 /* XCRemoteSwiftPackageReference "GoogleSignIn-iOS" */,
				C6FF991712F080C05277BDB8 /* XCRemoteSwiftPackageReference "clarity-apps" */,
				F44DD97045955BF9FD71A468 /* XCRemoteSwiftPackageReference "AppsFlyerFramework" */,
				8B412E24250EBAE98BEF6531 /* XCRemoteSwiftPackageReference "Singular-iOS-SDK" */,
				21C9DF242FD80096000F43A1 /* XCRemoteSwiftPackageReference "facebook-ios-sdk" */,
				7C4F1707FE80007C7DCEAE3C /* XCRemoteSwiftPackageReference "firebase-ios-sdk" */,
			);
			preferredProjectObjectVersion = 77;
			productRefGroup = 13A11D9F7DA03C59D8E1222A /* Products */;
			projectDirPath = "";
			projectRoot = "";
			targets = (
				68B28AE09B8928123A00F05E /* iosApp */,
			);
		};
/* End PBXProject section */

/* Begin PBXResourcesBuildPhase section */
		7591EEC42FD2C98A4CBA2D16 /* Resources */ = {
			isa = PBXResourcesBuildPhase;
			buildActionMask = 2147483647;
			files = (
				2ECACC695940F13A4EDFB2D7 /* GoogleService-Info.plist in Resources */,
			);
			runOnlyForDeploymentPostprocessing = 0;
		};
/* End PBXResourcesBuildPhase section */

/* Begin PBXShellScriptBuildPhase section */
		4837AD78EDCCC366361E22F5 /* ShellScript */ = {
			isa = PBXShellScriptBuildPhase;
			buildActionMask = 2147483647;
			files = (
			);
			inputPaths = (
				"${DWARF_DSYM_FOLDER_PATH}/${DWARF_DSYM_FILE_NAME}",
				"${DWARF_DSYM_FOLDER_PATH}/${DWARF_DSYM_FILE_NAME}/Contents/Resources/DWARF/${PRODUCT_NAME}",
				"${DWARF_DSYM_FOLDER_PATH}/${DWARF_DSYM_FILE_NAME}/Contents/Info.plist",
				"$(TARGET_BUILD_DIR)/$(UNLOCALIZED_RESOURCES_FOLDER_PATH)/GoogleService-Info.plist",
				"$(TARGET_BUILD_DIR)/$(EXECUTABLE_PATH)",
			);
			outputPaths = (
			);
			runOnlyForDeploymentPostprocessing = 0;
			shellPath = /bin/sh;
			shellScript = "\"${BUILD_DIR%/Build/*}/SourcePackages/checkouts/firebase-ios-sdk/Crashlytics/run\"\n";
		};
		95583EFB92AFC802DD4CE49E /* Compile Kotlin Framework */ = {
			isa = PBXShellScriptBuildPhase;
			alwaysOutOfDate = 1;
			buildActionMask = 2147483647;
			files = (
			);
			inputFileListPaths = (
			);
			inputPaths = (
			);
			name = "Compile Kotlin Framework";
			outputFileListPaths = (
			);
			outputPaths = (
			);
			runOnlyForDeploymentPostprocessing = 0;
			shellPath = /bin/sh;
			shellScript = "if [ \"YES\" = \"$OVERRIDE_KOTLIN_BUILD_IDE_SUPPORTED\" ]; then\n  echo \"Skipping Gradle build task invocation due to OVERRIDE_KOTLIN_BUILD_IDE_SUPPORTED environment variable set to \\\"YES\\\"\"\n  exit 0\nfi\ncd \"$SRCROOT/..\"\nPYLLAR_FLAVOR=\"${PYLLAR_FLAVOR:-$([ \"$CONFIGURATION\" = \"Debug\" ] && echo \"debug\" || echo \"release\")}\"\n./gradlew :composeApp:embedAndSignAppleFrameworkForXcode -Ppyllar.flavor=\"$PYLLAR_FLAVOR\" --no-daemon\n";
		};
/* End PBXShellScriptBuildPhase section */

/* Begin PBXSourcesBuildPhase section */
		0BAB89A359BD1C72FFB3D3C8 /* Sources */ = {
			isa = PBXSourcesBuildPhase;
			buildActionMask = 2147483647;
			files = (
			);
			runOnlyForDeploymentPostprocessing = 0;
		};
/* End PBXSourcesBuildPhase section */

/* Begin XCBuildConfiguration section */
		0E57E3DFF91F507EDA49BAA9 /* Debug */ = {
			isa = XCBuildConfiguration;
			baseConfigurationReferenceAnchor = 75E6EDE214F73C9AE4386E54 /* Configuration */;
			baseConfigurationReferenceRelativePath = Config.xcconfig;
			buildSettings = {
				ALWAYS_SEARCH_USER_PATHS = NO;
				ASSETCATALOG_COMPILER_GENERATE_SWIFT_ASSET_SYMBOL_EXTENSIONS = YES;
				CLANG_ANALYZER_NONNULL = YES;
				CLANG_ANALYZER_NUMBER_OBJECT_CONVERSION = YES_AGGRESSIVE;
				CLANG_CXX_LANGUAGE_STANDARD = "gnu++20";
				CLANG_ENABLE_MODULES = YES;
				CLANG_ENABLE_OBJC_ARC = YES;
				CLANG_ENABLE_OBJC_WEAK = YES;
				CLANG_WARN_BLOCK_CAPTURE_AUTORELEASING = YES;
				CLANG_WARN_BOOL_CONVERSION = YES;
				CLANG_WARN_COMMA = YES;
				CLANG_WARN_CONSTANT_CONVERSION = YES;
				CLANG_WARN_DEPRECATED_OBJC_IMPLEMENTATIONS = YES;
				CLANG_WARN_DIRECT_OBJC_ISA_USAGE = YES_ERROR;
				CLANG_WARN_DOCUMENTATION_COMMENTS = YES;
				CLANG_WARN_EMPTY_BODY = YES;
				CLANG_WARN_ENUM_CONVERSION = YES;
				CLANG_WARN_INFINITE_RECURSION = YES;
				CLANG_WARN_INT_CONVERSION = YES;
				CLANG_WARN_NON_LITERAL_NULL_CONVERSION = YES;
				CLANG_WARN_OBJC_IMPLICIT_RETAIN_SELF = YES;
				CLANG_WARN_OBJC_LITERAL_CONVERSION = YES;
				CLANG_WARN_OBJC_ROOT_CLASS = YES_ERROR;
				CLANG_WARN_QUOTED_INCLUDE_IN_FRAMEWORK_HEADER = YES;
				CLANG_WARN_RANGE_LOOP_ANALYSIS = YES;
				CLANG_WARN_STRICT_PROTOTYPES = YES;
				CLANG_WARN_SUSPICIOUS_MOVE = YES;
				CLANG_WARN_UNGUARDED_AVAILABILITY = YES_AGGRESSIVE;
				CLANG_WARN_UNREACHABLE_CODE = YES;
				CLANG_WARN__DUPLICATE_METHOD_MATCH = YES;
				COPY_PHASE_STRIP = NO;
				DEBUG_INFORMATION_FORMAT = "dwarf-with-dsym";
				ENABLE_STRICT_OBJC_MSGSEND = YES;
				ENABLE_TESTABILITY = YES;
				ENABLE_USER_SCRIPT_SANDBOXING = NO;
				GCC_C_LANGUAGE_STANDARD = gnu17;
				GCC_DYNAMIC_NO_PIC = NO;
				GCC_NO_COMMON_BLOCKS = YES;
				GCC_OPTIMIZATION_LEVEL = 0;
				GCC_PREPROCESSOR_DEFINITIONS = (
					"DEBUG=1",
					"$(inherited)",
				);
				GCC_WARN_64_TO_32_BIT_CONVERSION = YES;
				GCC_WARN_ABOUT_RETURN_TYPE = YES_ERROR;
				GCC_WARN_UNDECLARED_SELECTOR = YES;
				GCC_WARN_UNINITIALIZED_AUTOS = YES_AGGRESSIVE;
				GCC_WARN_UNUSED_FUNCTION = YES;
				GCC_WARN_UNUSED_VARIABLE = YES;
				IPHONEOS_DEPLOYMENT_TARGET = 18.2;
				LOCALIZATION_PREFERS_STRING_CATALOGS = YES;
				MTL_ENABLE_DEBUG_INFO = INCLUDE_SOURCE;
				MTL_FAST_MATH = YES;
				ONLY_ACTIVE_ARCH = YES;
				SDKROOT = iphoneos;
				SWIFT_ACTIVE_COMPILATION_CONDITIONS = "DEBUG $(inherited)";
				SWIFT_OPTIMIZATION_LEVEL = "-Onone";
			};
			name = Debug;
		};
		C2ED3B03B80D8B6E6987CC44 /* Release */ = {
			isa = XCBuildConfiguration;
			baseConfigurationReferenceAnchor = 75E6EDE214F73C9AE4386E54 /* Configuration */;
			baseConfigurationReferenceRelativePath = Config.xcconfig;
			buildSettings = {
				ALWAYS_SEARCH_USER_PATHS = NO;
				ASSETCATALOG_COMPILER_GENERATE_SWIFT_ASSET_SYMBOL_EXTENSIONS = YES;
				CLANG_ANALYZER_NONNULL = YES;
				CLANG_ANALYZER_NUMBER_OBJECT_CONVERSION = YES_AGGRESSIVE;
				CLANG_CXX_LANGUAGE_STANDARD = "gnu++20";
				CLANG_ENABLE_MODULES = YES;
				CLANG_ENABLE_OBJC_ARC = YES;
				CLANG_ENABLE_OBJC_WEAK = YES;
				CLANG_WARN_BLOCK_CAPTURE_AUTORELEASING = YES;
				CLANG_WARN_BOOL_CONVERSION = YES;
				CLANG_WARN_COMMA = YES;
				CLANG_WARN_CONSTANT_CONVERSION = YES;
				CLANG_WARN_DEPRECATED_OBJC_IMPLEMENTATIONS = YES;
				CLANG_WARN_DIRECT_OBJC_ISA_USAGE = YES_ERROR;
				CLANG_WARN_DOCUMENTATION_COMMENTS = YES;
				CLANG_WARN_EMPTY_BODY = YES;
				CLANG_WARN_ENUM_CONVERSION = YES;
				CLANG_WARN_INFINITE_RECURSION = YES;
				CLANG_WARN_INT_CONVERSION = YES;
				CLANG_WARN_NON_LITERAL_NULL_CONVERSION = YES;
				CLANG_WARN_OBJC_IMPLICIT_RETAIN_SELF = YES;
				CLANG_WARN_OBJC_LITERAL_CONVERSION = YES;
				CLANG_WARN_OBJC_ROOT_CLASS = YES_ERROR;
				CLANG_WARN_QUOTED_INCLUDE_IN_FRAMEWORK_HEADER = YES;
				CLANG_WARN_RANGE_LOOP_ANALYSIS = YES;
				CLANG_WARN_STRICT_PROTOTYPES = YES;
				CLANG_WARN_SUSPICIOUS_MOVE = YES;
				CLANG_WARN_UNGUARDED_AVAILABILITY = YES_AGGRESSIVE;
				CLANG_WARN_UNREACHABLE_CODE = YES;
				CLANG_WARN__DUPLICATE_METHOD_MATCH = YES;
				COPY_PHASE_STRIP = YES;
				DEBUG_INFORMATION_FORMAT = "dwarf-with-dsym";
				ENABLE_NS_ASSERTIONS = NO;
				ENABLE_STRICT_OBJC_MSGSEND = YES;
				ENABLE_USER_SCRIPT_SANDBOXING = NO;
				GCC_C_LANGUAGE_STANDARD = gnu17;
				GCC_NO_COMMON_BLOCKS = YES;
				GCC_SYMBOLS_PRIVATE_EXTERN = YES;
				GCC_WARN_64_TO_32_BIT_CONVERSION = YES;
				GCC_WARN_ABOUT_RETURN_TYPE = YES_ERROR;
				GCC_WARN_UNDECLARED_SELECTOR = YES;
				GCC_WARN_UNINITIALIZED_AUTOS = YES_AGGRESSIVE;
				GCC_WARN_UNUSED_FUNCTION = YES;
				GCC_WARN_UNUSED_VARIABLE = YES;
				IPHONEOS_DEPLOYMENT_TARGET = 18.2;
				LOCALIZATION_PREFERS_STRING_CATALOGS = YES;
				MTL_ENABLE_DEBUG_INFO = NO;
				MTL_FAST_MATH = YES;
				SDKROOT = iphoneos;
				SWIFT_COMPILATION_MODE = wholemodule;
				SWIFT_OPTIMIZATION_LEVEL = "-O";
				VALIDATE_PRODUCT = YES;
			};
			name = Release;
		};
		C4301B0167550708A6F48560 /* Release */ = {
			isa = XCBuildConfiguration;
			buildSettings = {
				ARCHS = arm64;
				ASSETCATALOG_COMPILER_APPICON_NAME = AppIcon;
				ASSETCATALOG_COMPILER_GLOBAL_ACCENT_COLOR_NAME = AccentColor;
				CODE_SIGN_ENTITLEMENTS = iosApp/iosApp.entitlements;
				CODE_SIGN_IDENTITY = "Apple Development";
				"CODE_SIGN_IDENTITY[sdk=iphoneos*]" = "iPhone Distribution";
				CODE_SIGN_STYLE = Manual;
				CURRENT_PROJECT_VERSION = 1;
				DEVELOPMENT_ASSET_PATHS = "\"iosApp/Preview Content\"";
				DEVELOPMENT_TEAM = "";
				"DEVELOPMENT_TEAM[sdk=iphoneos*]" = DA7SW7G5XS;
				ENABLE_PREVIEWS = YES;
				GENERATE_INFOPLIST_FILE = YES;
				INFOPLIST_FILE = iosApp/Info.plist;
				INFOPLIST_KEY_CFBundleDisplayName = "Pyllar Money";
				INFOPLIST_KEY_NSLocationWhenInUseUsageDescription = "Pyllar needs your location for KYC and regulatory compliance purposes.";
				INFOPLIST_KEY_UIApplicationSceneManifest_Generation = YES;
				INFOPLIST_KEY_UIApplicationSupportsIndirectInputEvents = YES;
				INFOPLIST_KEY_UILaunchScreen_Generation = YES;
				INFOPLIST_KEY_UIRequiresFullScreen = YES;
				INFOPLIST_KEY_UISupportedInterfaceOrientations = UIInterfaceOrientationPortrait;
				IPHONEOS_DEPLOYMENT_TARGET = 15.6;
				LD_RUNPATH_SEARCH_PATHS = (
					"$(inherited)",
					"@executable_path/Frameworks",
				);
				MARKETING_VERSION = 1.2.3;
				OTHER_LDFLAGS = (
					"$(inherited)",
					"-ObjC",
				);
				PRODUCT_BUNDLE_IDENTIFIER = com.pyllar.consumer;
				PROVISIONING_PROFILE_SPECIFIER = "";
				"PROVISIONING_PROFILE_SPECIFIER[sdk=iphoneos*]" = "Pyllar Appstore";
				SWIFT_EMIT_LOC_STRINGS = YES;
				SWIFT_VERSION = 5.0;
				TARGETED_DEVICE_FAMILY = "1,2";
			};
			name = Release;
		};
		F8C8931325BA4982A6D2604B /* Debug */ = {
			isa = XCBuildConfiguration;
			buildSettings = {
				ARCHS = arm64;
				ASSETCATALOG_COMPILER_APPICON_NAME = AppIcon;
				ASSETCATALOG_COMPILER_GLOBAL_ACCENT_COLOR_NAME = AccentColor;
				CODE_SIGN_ENTITLEMENTS = iosApp/iosApp.entitlements;
				CODE_SIGN_IDENTITY = "Apple Development";
				"CODE_SIGN_IDENTITY[sdk=iphoneos*]" = "iPhone Developer";
				CODE_SIGN_STYLE = Manual;
				CURRENT_PROJECT_VERSION = 1;
				DEBUG_INFORMATION_FORMAT = "dwarf-with-dsym";
				DEVELOPMENT_ASSET_PATHS = "\"iosApp/Preview Content\"";
				DEVELOPMENT_TEAM = "";
				"DEVELOPMENT_TEAM[sdk=iphoneos*]" = DA7SW7G5XS;
				ENABLE_PREVIEWS = YES;
				GENERATE_INFOPLIST_FILE = YES;
				INFOPLIST_FILE = iosApp/Info.plist;
				INFOPLIST_KEY_CFBundleDisplayName = "Pyllar Debug";
				INFOPLIST_KEY_NSLocationWhenInUseUsageDescription = "Pyllar needs your location for KYC and regulatory compliance purposes.";
				INFOPLIST_KEY_UIApplicationSceneManifest_Generation = YES;
				INFOPLIST_KEY_UIApplicationSupportsIndirectInputEvents = YES;
				INFOPLIST_KEY_UILaunchScreen_Generation = YES;
				INFOPLIST_KEY_UIRequiresFullScreen = YES;
				INFOPLIST_KEY_UISupportedInterfaceOrientations = UIInterfaceOrientationPortrait;
				IPHONEOS_DEPLOYMENT_TARGET = 15.6;
				LD_RUNPATH_SEARCH_PATHS = (
					"$(inherited)",
					"@executable_path/Frameworks",
				);
				MARKETING_VERSION = 1.2.3;
				OTHER_LDFLAGS = (
					"$(inherited)",
					"-ObjC",
				);
				PRODUCT_BUNDLE_IDENTIFIER = com.pyllar.consumer.debug;
				PROVISIONING_PROFILE_SPECIFIER = "";
				"PROVISIONING_PROFILE_SPECIFIER[sdk=iphoneos*]" = "Debug Mac mini development";
				SWIFT_EMIT_LOC_STRINGS = YES;
				SWIFT_VERSION = 5.0;
				TARGETED_DEVICE_FAMILY = "1,2";
			};
			name = Debug;
		};
/* End XCBuildConfiguration section */

/* Begin XCConfigurationList section */
		4CC82ED4373E432EE8094BE4 /* Build configuration list for PBXNativeTarget "iosApp" */ = {
			isa = XCConfigurationList;
			buildConfigurations = (
				F8C8931325BA4982A6D2604B /* Debug */,
				C4301B0167550708A6F48560 /* Release */,
			);
			defaultConfigurationIsVisible = 0;
			defaultConfigurationName = Release;
		};
		E2416F46C37EB00096F0C142 /* Build configuration list for PBXProject "iosApp" */ = {
			isa = XCConfigurationList;
			buildConfigurations = (
				0E57E3DFF91F507EDA49BAA9 /* Debug */,
				C2ED3B03B80D8B6E6987CC44 /* Release */,
			);
			defaultConfigurationIsVisible = 0;
			defaultConfigurationName = Release;
		};
/* End XCConfigurationList section */

/* Begin XCRemoteSwiftPackageReference section */
		216E2CF72FBEDE88001E32D1 /* XCRemoteSwiftPackageReference "GoogleSignIn-iOS" */ = {
			isa = XCRemoteSwiftPackageReference;
			repositoryURL = "https://github.com/google/GoogleSignIn-iOS";
			requirement = {
				kind = upToNextMajorVersion;
				minimumVersion = 9.1.0;
			};
		};
		21C9DF242FD80096000F43A1 /* XCRemoteSwiftPackageReference "facebook-ios-sdk" */ = {
			isa = XCRemoteSwiftPackageReference;
			repositoryURL = "https://github.com/facebook/facebook-ios-sdk";
			requirement = {
				kind = upToNextMajorVersion;
				minimumVersion = 17.0.0;
			};
		};
		7C4F1707FE80007C7DCEAE3C /* XCRemoteSwiftPackageReference "firebase-ios-sdk" */ = {
			isa = XCRemoteSwiftPackageReference;
			repositoryURL = "https://github.com/firebase/firebase-ios-sdk";
			requirement = {
				kind = upToNextMajorVersion;
				minimumVersion = 11.0.0;
			};
		};
		8B412E24250EBAE98BEF6531 /* XCRemoteSwiftPackageReference "Singular-iOS-SDK" */ = {
			isa = XCRemoteSwiftPackageReference;
			repositoryURL = "https://github.com/singular-labs/Singular-iOS-SDK";
			requirement = {
				kind = upToNextMajorVersion;
				minimumVersion = 12.4.0;
			};
		};
		C6FF991712F080C05277BDB8 /* XCRemoteSwiftPackageReference "clarity-apps" */ = {
			isa = XCRemoteSwiftPackageReference;
			repositoryURL = "https://github.com/microsoft/clarity-apps";
			requirement = {
				kind = upToNextMajorVersion;
				minimumVersion = 3.0.0;
			};
		};
		F44DD97045955BF9FD71A468 /* XCRemoteSwiftPackageReference "AppsFlyerFramework" */ = {
			isa = XCRemoteSwiftPackageReference;
			repositoryURL = "https://github.com/AppsFlyerSDK/AppsFlyerFramework";
			requirement = {
				kind = upToNextMajorVersion;
				minimumVersion = 6.14.0;
			};
		};
/* End XCRemoteSwiftPackageReference section */

/* Begin XCSwiftPackageProductDependency section */
		108F0D6F9A31550A5E7E3D81 /* FirebaseCrashlytics */ = {
			isa = XCSwiftPackageProductDependency;
			package = 7C4F1707FE80007C7DCEAE3C /* XCRemoteSwiftPackageReference "firebase-ios-sdk" */;
			productName = FirebaseCrashlytics;
		};
		1359B5E3E79A6103CB63C864 /* FirebaseAnalytics */ = {
			isa = XCSwiftPackageProductDependency;
			package = 7C4F1707FE80007C7DCEAE3C /* XCRemoteSwiftPackageReference "firebase-ios-sdk" */;
			productName = FirebaseAnalytics;
		};
		16D66C9411832E1B7D572C76 /* FirebaseCore */ = {
			isa = XCSwiftPackageProductDependency;
			package = 7C4F1707FE80007C7DCEAE3C /* XCRemoteSwiftPackageReference "firebase-ios-sdk" */;
			productName = FirebaseCore;
		};
		216E2CF82FBEDE88001E32D1 /* GoogleSignIn */ = {
			isa = XCSwiftPackageProductDependency;
			package = 216E2CF72FBEDE88001E32D1 /* XCRemoteSwiftPackageReference "GoogleSignIn-iOS" */;
			productName = GoogleSignIn;
		};
		216E2CFA2FBEDE88001E32D1 /* GoogleSignInSwift */ = {
			isa = XCSwiftPackageProductDependency;
			package = 216E2CF72FBEDE88001E32D1 /* XCRemoteSwiftPackageReference "GoogleSignIn-iOS" */;
			productName = GoogleSignInSwift;
		};
		21C9DF252FD80097000F43A1 /* FacebookAEM */ = {
			isa = XCSwiftPackageProductDependency;
			package = 21C9DF242FD80096000F43A1 /* XCRemoteSwiftPackageReference "facebook-ios-sdk" */;
			productName = FacebookAEM;
		};
		21C9DF272FD80097000F43A1 /* FacebookBasics */ = {
			isa = XCSwiftPackageProductDependency;
			package = 21C9DF242FD80096000F43A1 /* XCRemoteSwiftPackageReference "facebook-ios-sdk" */;
			productName = FacebookBasics;
		};
		21C9DF292FD80097000F43A1 /* FacebookCore */ = {
			isa = XCSwiftPackageProductDependency;
			package = 21C9DF242FD80096000F43A1 /* XCRemoteSwiftPackageReference "facebook-ios-sdk" */;
			productName = FacebookCore;
		};
		3B850F4D4A0FC5EBEAA700B4 /* Clarity */ = {
			isa = XCSwiftPackageProductDependency;
			package = C6FF991712F080C05277BDB8 /* XCRemoteSwiftPackageReference "clarity-apps" */;
			productName = Clarity;
		};
		AC813CE66F97994D9BE8A812 /* FirebaseMessaging */ = {
			isa = XCSwiftPackageProductDependency;
			package = 7C4F1707FE80007C7DCEAE3C /* XCRemoteSwiftPackageReference "firebase-ios-sdk" */;
			productName = FirebaseMessaging;
		};
		CD67EC4A9FF4F5FF8A2D8772 /* AppsFlyerLib */ = {
			isa = XCSwiftPackageProductDependency;
			package = F44DD97045955BF9FD71A468 /* XCRemoteSwiftPackageReference "AppsFlyerFramework" */;
			productName = AppsFlyerLib;
		};
		FFA86D5547034AF50240D997 /* Singular */ = {
			isa = XCSwiftPackageProductDependency;
			package = 8B412E24250EBAE98BEF6531 /* XCRemoteSwiftPackageReference "Singular-iOS-SDK" */;
			productName = Singular;
		};
/* End XCSwiftPackageProductDependency section */
	};
	rootObject = 3F0D863E75D98678BA0D0240 /* Project object */;
}
